
Microsoft Visual Studio Solution File, Format Version 12.00
# Visual Studio 15
VisualStudioVersion = 15.0.26124.0
MinimumVisualStudioVersion = 15.0.26124.0
Project("{FAE04EC0-301F-11D3-BF4B-00C04F79EFBC}") = "Domain", "Domain\Domain.csproj", "{1F8D2D92-6B70-43F5-9E81-991EF13BD86C}"
EndProject
Project("{FAE04EC0-301F-11D3-BF4B-00C04F79EFBC}") = "Application", "Application\Application.csproj", "{433C8918-636D-4AA5-9BCE-CC594E450C2B}"
EndProject
Project("{FAE04EC0-301F-11D3-BF4B-00C04F79EFBC}") = "Persistence", "Persistence\Persistence.csproj", "{6CF0E2A3-823E-4BE1-8E71-4B34D09937D9}"
EndProject
Project("{FAE04EC0-301F-11D3-BF4B-00C04F79EFBC}") = "API", "API\API.csproj", "{F62B470A-883D-47CB-8E16-21C1BEF46AF0}"
EndProject
Global
	GlobalSection(SolutionConfigurationPlatforms) = preSolution
		Debug|Any CPU = Debug|Any CPU
		Debug|x64 = Debug|x64
		Debug|x86 = Debug|x86
		Release|Any CPU = Release|Any CPU
		Release|x64 = Release|x64
		Release|x86 = Release|x86
	EndGlobalSection
	GlobalSection(SolutionProperties) = preSolution
		HideSolutionNode = FALSE
	EndGlobalSection
	GlobalSection(ProjectConfigurationPlatforms) = postSolution
		{1F8D2D92-6B70-43F5-9E81-991EF13BD86C}.Debug|Any CPU.ActiveCfg = Debug|Any CPU
		{1F8D2D92-6B70-43F5-9E81-991EF13BD86C}.Debug|Any CPU.Build.0 = Debug|Any CPU
		{1F8D2D92-6B70-43F5-9E81-991EF13BD86C}.Debug|x64.ActiveCfg = Debug|Any CPU
		{1F8D2D92-6B70-43F5-9E81-991EF13BD86C}.Debug|x64.Build.0 = Debug|Any CPU
		{1F8D2D92-6B70-43F5-9E81-991EF13BD86C}.Debug|x86.ActiveCfg = Debug|Any CPU
		{1F8D2D92-6B70-43F5-9E81-991EF13BD86C}.Debug|x86.Build.0 = Debug|Any CPU
		{1F8D2D92-6B70-43F5-9E81-991EF13BD86C}.Release|Any CPU.ActiveCfg = Release|Any CPU
		{1F8D2D92-6B70-43F5-9E81-991EF13BD86C}.Release|Any CPU.Build.0 = Release|Any CPU
		{1F8D2D92-6B70-43F5-9E81-991EF13BD86C}.Release|x64.ActiveCfg = Release|Any CPU
		{1F8D2D92-6B70-43F5-9E81-991EF13BD86C}.Release|x64.Build.0 = Release|Any CPU
		{1F8D2D92-6B70-43F5-9E81-991EF13BD86C}.Release|x86.ActiveCfg = Release|Any CPU
		{1F8D2D92-6B70-43F5-9E81-991EF13BD86C}.Release|x86.Build.0 = Release|Any CPU
		{433C8918-636D-4AA5-9BCE-CC594E450C2B}.Debug|Any CPU.ActiveCfg = Debug|Any CPU
		{433C8918-636D-4AA5-9BCE-CC594E450C2B}.Debug|Any CPU.Build.0 = Debug|Any CPU
		{433C8918-636D-4AA5-9BCE-CC594E450C2B}.Debug|x64.ActiveCfg = Debug|Any CPU
		{433C8918-636D-4AA5-9BCE-CC594E450C2B}.Debug|x64.Build.0 = Debug|Any CPU
		{433C8918-636D-4AA5-9BCE-CC594E450C2B}.Debug|x86.ActiveCfg = Debug|Any CPU
		{433C8918-636D-4AA5-9BCE-CC594E450C2B}.Debug|x86.Build.0 = Debug|Any CPU
		{433C8918-636D-4AA5-9BCE-CC594E450C2B}.Release|Any CPU.ActiveCfg = Release|Any CPU
		{433C8918-636D-4AA5-9BCE-CC594E450C2B}.Release|Any CPU.Build.0 = Release|Any CPU
		{433C8918-636D-4AA5-9BCE-CC594E450C2B}.Release|x64.ActiveCfg = Release|Any CPU
		{433C8918-636D-4AA5-9BCE-CC594E450C2B}.Release|x64.Build.0 = Release|Any CPU
		{433C8918-636D-4AA5-9BCE-CC594E450C2B}.Release|x86.ActiveCfg = Release|Any CPU
		{433C8918-636D-4AA5-9BCE-CC594E450C2B}.Release|x86.Build.0 = Release|Any CPU
		{6CF0E2A3-823E-4BE1-8E71-4B34D09937D9}.Debug|Any CPU.ActiveCfg = Debug|Any CPU
		{6CF0E2A3-823E-4BE1-8E71-4B34D09937D9}.Debug|Any CPU.Build.0 = Debug|Any CPU
		{6CF0E2A3-823E-4BE1-8E71-4B34D09937D9}.Debug|x64.ActiveCfg = Debug|Any CPU
		{6CF0E2A3-823E-4BE1-8E71-4B34D09937D9}.Debug|x64.Build.0 = Debug|Any CPU
		{6CF0E2A3-823E-4BE1-8E71-4B34D09937D9}.Debug|x86.ActiveCfg = Debug|Any CPU
		{6CF0E2A3-823E-4BE1-8E71-4B34D09937D9}.Debug|x86.Build.0 = Debug|Any CPU
		{6CF0E2A3-823E-4BE1-8E71-4B34D09937D9}.Release|Any CPU.ActiveCfg = Release|Any CPU
		{6CF0E2A3-823E-4BE1-8E71-4B34D09937D9}.Release|Any CPU.Build.0 = Release|Any CPU
		{6CF0E2A3-823E-4BE1-8E71-4B34D09937D9}.Release|x64.ActiveCfg = Release|Any CPU
		{6CF0E2A3-823E-4BE1-8E71-4B34D09937D9}.Release|x64.Build.0 = Release|Any CPU
		{6CF0E2A3-823E-4BE1-8E71-4B34D09937D9}.Release|x86.ActiveCfg = Release|Any CPU
		{6CF0E2A3-823E-4BE1-8E71-4B34D09937D9}.Release|x86.Build.0 = Release|Any CPU
		{F62B470A-883D-47CB-8E16-21C1BEF46AF0}.Debug|Any CPU.ActiveCfg = Debug|Any CPU
		{F62B470A-883D-47CB-8E16-21C1BEF46AF0}.Debug|Any CPU.Build.0 = Debug|Any CPU
		{F62B470A-883D-47CB-8E16-21C1BEF46AF0}.Debug|x64.ActiveCfg = Debug|Any CPU
		{F62B470A-883D-47CB-8E16-21C1BEF46AF0}.Debug|x64.Build.0 = Debug|Any CPU
		{F62B470A-883D-47CB-8E16-21C1BEF46AF0}.Debug|x86.ActiveCfg = Debug|Any CPU
		{F62B470A-883D-47CB-8E16-21C1BEF46AF0}.Debug|x86.Build.0 = Debug|Any CPU
		{F62B470A-883D-47CB-8E16-21C1BEF46AF0}.Release|Any CPU.ActiveCfg = Release|Any CPU
		{F62B470A-883D-47CB-8E16-21C1BEF46AF0}.Release|Any CPU.Build.0 = Release|Any CPU
		{F62B470A-883D-47CB-8E16-21C1BEF46AF0}.Release|x64.ActiveCfg = Release|Any CPU
		{F62B470A-883D-47CB-8E16-21C1BEF46AF0}.Release|x64.Build.0 = Release|Any CPU
		{F62B470A-883D-47CB-8E16-21C1BEF46AF0}.Release|x86.ActiveCfg = Release|Any CPU
		{F62B470A-883D-47CB-8E16-21C1BEF46AF0}.Release|x86.Build.0 = Release|Any CPU
	EndGlobalSection
EndGlobal
